{
  "nodes": {
    "agent-skills": {
      "inputs": {
        "home-manager": "home-manager",
        "nixpkgs": [
          "nixpkgs"
        ]
      },
      "locked": {
        "lastModified": 1774030553,
        "narHash": "sha256-JV6PFjMEew1Owx4ihhdvhuIJ2Ztlz2nDdypuHH7UMRk=",
        "owner": "Kyure-A",
        "repo": "agent-skills-nix",
        "rev": "bf08d4153f03d6a3c7421332483f1e3d25cd6d4c",
        "type": "github"
      },
      "original": {
        "owner": "Kyure-A",
        "repo": "agent-skills-nix",
        "type": "github"
      }
    },
    "anthropic-skills": {
      "flake": false,
      "locked": {
        "lastModified": 1772827583,
        "narHash": "sha256-GzNpraXV85qUwyGs5XDe0zHYr2AazqFppWtH9JvO3QE=",
        "owner": "anthropics",
        "repo": "skills",
        "rev": "b0cbd3df1533b396d281a6886d5132f623393a9c",
        "type": "github"
      },
      "original": {
        "owner": "anthropics",
        "repo": "skills",
        "type": "github"
      }
    },
    "brew-src": {
      "flake": false,
      "locked": {
        "lastModified": 1769363988,
        "narHash": "sha256-BiGPeulrDVetXP+tjxhMcGLUROZAtZIhU5m4MqawCfM=",
        "owner": "Homebrew",
        "repo": "brew",
        "rev": "d01011cac6d72032c75fd2cd9489909e95d9faf2",
        "type": "github"
      },
      "original": {
        "owner": "Homebrew",
        "ref": "5.0.12",
        "repo": "brew",
        "type": "github"
      }
    },
    "flake-utils": {
      "inputs": {
        "systems": "systems"
      },
      "locked": {
        "lastModified": 1731533236,
        "narHash": "sha256-l0KFg5HjrsfsO/JpG+r7fRrqm12kzFHyUHqHCVpMMbI=",
        "owner": "numtide",
        "repo": "flake-utils",
        "rev": "11707dc2f618dd54ca8739b309ec4fc024de578b",
        "type": "github"
      },
      "original": {
        "owner": "numtide",
        "repo": "flake-utils",
        "type": "github"
      }
    },
    "git-fixup": {
      "inputs": {
        "flake-utils": "flake-utils",
        "nixpkgs": [
          "nixpkgs"
        ]
      },
      "locked": {
        "lastModified": 1743215234,
        "narHash": "sha256-7uDmgTdlgEbbW0LPGrXroctd09vTp1bEHF0HjtqqRT8=",
        "owner": "mrsekut",
        "repo": "git-fixup",
        "rev": "64475709082ad743b00e301769932ef9e115b2a8",
        "type": "github"
      },
      "original": {
        "owner": "mrsekut",
        "repo": "git-fixup",
        "type": "github"
      }
    },
    "home-manager": {
      "inputs": {
        "nixpkgs": [
          "agent-skills",
          "nixpkgs"
        ]
      },
      "locked": {
        "lastModified": 1773608492,
        "narHash": "sha256-QZteyExJYSQzgxqdsesDPbQgjctGG7iKV/6ooyQPITk=",
        "owner": "nix-community",
        "repo": "home-manager",
        "rev": "9a40ec3b78fc688d0908485887d355caa5666d18",
        "type": "github"
      },
      "original": {
        "owner": "nix-community",
        "repo": "home-manager",
        "type": "github"
      }
    },
    "home-manager_2": {
      "inputs": {
        "nixpkgs": [
          "nixpkgs"
        ]
      },
      "locked": {
        "lastModified": 1774007980,
        "narHash": "sha256-FOnZjElEI8pqqCvB6K/1JRHTE8o4rer8driivTpq2uo=",
        "owner": "nix-community",
        "repo": "home-manager",
        "rev": "9670de2921812bc4e0452f6e3efd8c859696c183",
        "type": "github"
      },
      "original": {
        "owner": "nix-community",
        "repo": "home-manager",
        "type": "github"
      }
    },
    "homebrew-bundle": {
      "flake": false,
      "locked": {
        "lastModified": 1745335228,
        "narHash": "sha256-TIKR2UgtyUmHLNZp255/vLs+1I10hXe+sciMEbAGFwE=",
        "owner": "homebrew",
        "repo": "homebrew-bundle",
        "rev": "a3265c84b232e13048ecbf6fc18a2eedfadbeb08",
        "type": "github"
      },
      "original": {
        "owner": "homebrew",
        "repo": "homebrew-bundle",
        "type": "github"
      }
    },
    "homebrew-cask": {
      "flake": false,
      "locked": {
        "lastModified": 1774089889,
        "narHash": "sha256-uPG6PW4A4XnJqKN8IjUYkqT2EUO9ULkJU1JaULqosr8=",
        "owner": "homebrew",
        "repo": "homebrew-cask",
        "rev": "3b058e587b63b5d1112bf80e7f299b46656f13a9",
        "type": "github"
      },
      "original": {
        "owner": "homebrew",
        "repo": "homebrew-cask",
        "type": "github"
      }
    },
    "intellectronica-skills": {
      "flake": false,
      "locked": {
        "lastModified": 1772124974,
        "narHash": "sha256-8MNwj37GeTpYnjf8eLw5Hv/wMO46dPsoodM/mFAEuAQ=",
        "owner": "intellectronica",
        "repo": "agent-skills",
        "rev": "9f7f750cdb158316fb57fcce755f7530fe1118e2",
        "type": "github"
      },
      "original": {
        "owner": "intellectronica",
        "repo": "agent-skills",
        "type": "github"
      }
    },
    "mrsekut-private-skills": {
      "flake": false,
      "locked": {
        "lastModified": 1773620278,
        "narHash": "sha256-iz5hZHsdFicvUXCKJF8z2M6MaJuYqxfWOiNnwIDINPU=",
        "ref": "refs/heads/main",
        "rev": "917989d92b9e4e1c139cd0422ba775c1b89beb6d",
        "revCount": 14,
        "type": "git",
        "url": "ssh://git@github.com/mrsekut/agent-skills-private"
      },
      "original": {
        "type": "git",
        "url": "ssh://git@github.com/mrsekut/agent-skills-private"
      }
    },
    "mrsekut-skills": {
      "flake": false,
      "locked": {
        "lastModified": 1773751164,
        "narHash": "sha256-+EzIUkW4Z1cmd3Hqq/nA8mK80D219p6ltIEoVZq2Jd4=",
        "owner": "mrsekut",
        "repo": "agent-skills",
        "rev": "054ebf1056cfbbaf2b3374acb8b21961d7c32fad",
        "type": "github"
      },
      "original": {
        "owner": "mrsekut",
        "repo": "agent-skills",
        "type": "github"
      }
    },
    "nix-darwin": {
      "inputs": {
        "nixpkgs": [
          "nixpkgs"
        ]
      },
      "locked": {
        "lastModified": 1773000227,
        "narHash": "sha256-zm3ftUQw0MPumYi91HovoGhgyZBlM4o3Zy0LhPNwzXE=",
        "owner": "LnL7",
        "repo": "nix-darwin",
        "rev": "da529ac9e46f25ed5616fd634079a5f3c579135f",
        "type": "github"
      },
      "original": {
        "owner": "LnL7",
        "repo": "nix-darwin",
        "type": "github"
      }
    },
    "nix-homebrew": {
      "inputs": {
        "brew-src": "brew-src"
      },
      "locked": {
        "lastModified": 1769437432,
        "narHash": "sha256-8d7KnCpT2LweRvSzZYEGd9IM3eFX+A78opcnDM0+ndk=",
        "owner": "zhaofengli-wip",
        "repo": "nix-homebrew",
        "rev": "a5409abd0d5013d79775d3419bcac10eacb9d8c5",
        "type": "github"
      },
      "original": {
        "owner": "zhaofengli-wip",
        "repo": "nix-homebrew",
        "type": "github"
      }
    },
    "nix-index-database": {
      "inputs": {
        "nixpkgs": [
          "nixpkgs"
        ]
      },
      "locked": {
        "lastModified": 1773552174,
        "narHash": "sha256-mHSRNrT1rjeYBgkAlj07dW3+1nFEgAd8Gu6lgyfT9DU=",
        "owner": "Mic92",
        "repo": "nix-index-database",
        "rev": "8faeb68130df077450451b6734a221ba0d6cde42",
        "type": "github"
      },
      "original": {
        "owner": "Mic92",
        "repo": "nix-index-database",
        "type": "github"
      }
    },
    "nixpkgs": {
      "locked": {
        "lastModified": 1773821835,
        "narHash": "sha256-TJ3lSQtW0E2JrznGVm8hOQGVpXjJyXY2guAxku2O9A4=",
        "owner": "nixos",
        "repo": "nixpkgs",
        "rev": "b40629efe5d6ec48dd1efba650c797ddbd39ace0",
        "type": "github"
      },
      "original": {
        "owner": "nixos",
        "ref": "nixos-unstable",
        "repo": "nixpkgs",
        "type": "github"
      }
    },
    "openai-skills": {
      "flake": false,
      "locked": {
        "lastModified": 1774028990,
        "narHash": "sha256-IUGh0jNiisUjgZK6I6CN7eqmV8HqtSmseELyAHu6T5o=",
        "owner": "openai",
        "repo": "skills",
        "rev": "82d2c5b44ac234ec0f204f647562a4349d90ef43",
        "type": "github"
      },
      "original": {
        "owner": "openai",
        "repo": "skills",
        "type": "github"
      }
    },
    "root": {
      "inputs": {
        "agent-skills": "agent-skills",
        "anthropic-skills": "anthropic-skills",
        "git-fixup": "git-fixup",
        "home-manager": "home-manager_2",
        "homebrew-bundle": "homebrew-bundle",
        "homebrew-cask": "homebrew-cask",
        "intellectronica-skills": "intellectronica-skills",
        "mrsekut-private-skills": "mrsekut-private-skills",
        "mrsekut-skills": "mrsekut-skills",
        "nix-darwin": "nix-darwin",
        "nix-homebrew": "nix-homebrew",
        "nix-index-database": "nix-index-database",
        "nixpkgs": "nixpkgs",
        "openai-skills": "openai-skills",
        "satococoa-tap": "satococoa-tap"
      }
    },
    "satococoa-tap": {
      "flake": false,
      "locked": {
        "lastModified": 1772990344,
        "narHash": "sha256-zrREYLx1HTaOMOgZ1Hvc44g5aRhjdNasIiJNbJW9H/c=",
        "owner": "satococoa",
        "repo": "homebrew-tap",
        "rev": "e8f1c7c655f17c4e8a6fd300fb3fcc195f299c75",
        "type": "github"
      },
      "original": {
        "owner": "satococoa",
        "repo": "homebrew-tap",
        "type": "github"
      }
    },
    "systems": {
      "locked": {
        "lastModified": 1681028828,
        "narHash": "sha256-Vy1rq5AaRuLzOxct8nz4T6wlgyUR7zLU309k9mBC768=",
        "owner": "nix-systems",
        "repo": "default",
        "rev": "da67096a3b9bf56a91d16901293e51ba5b49a27e",
        "type": "github"
      },
      "original": {
        "owner": "nix-systems",
        "repo": "default",
        "type": "github"
      }
    }
  },
  "root": "root",
  "version": 7
}
