{
  "nodes": {
    "agent-skills": {
      "inputs": {
        "blueprint": "blueprint",
        "home-manager": "home-manager",
        "nixpkgs": [
          "nixpkgs"
        ]
      },
      "locked": {
        "lastModified": 1786379373,
        "narHash": "sha256-zrvcpGFA8zG6yRLBqQH9bNkJap8xMvLNvkuT4+7w6X8=",
        "owner": "Kyure-A",
        "repo": "agent-skills-nix",
        "rev": "1594ba479be81a7cb6dd19faabefcb1ed5b3f964",
        "type": "github"
      },
      "original": {
        "owner": "Kyure-A",
        "repo": "agent-skills-nix",
        "type": "github"
      }
    },
    "anthropic-skills": {
      "flake": false,
      "locked": {
        "lastModified": 1786644594,
        "narHash": "sha256-5/0f5AnGWX3oM+M9Xm/zSmooz11+S1YRdFPmAX+DXi0=",
        "owner": "anthropics",
        "repo": "skills",
        "rev": "f6656c1256d5a8adfa37db9110046ef20bac644c",
        "type": "github"
      },
      "original": {
        "owner": "anthropics",
        "repo": "skills",
        "type": "github"
      }
    },
    "blueprint": {
      "inputs": {
        "nixpkgs": [
          "agent-skills",
          "nixpkgs"
        ],
        "systems": "systems"
      },
      "locked": {
        "lastModified": 1776249299,
        "narHash": "sha256-Dt9t1TGRmJFc0xVYhttNBD6QsAgHOHCArqGa0AyjrJY=",
        "owner": "numtide",
        "repo": "blueprint",
        "rev": "56131e8628f173d24a27f6d27c0215eff57e40dd",
        "type": "github"
      },
      "original": {
        "owner": "numtide",
        "repo": "blueprint",
        "type": "github"
      }
    },
    "brew-src": {
      "flake": false,
      "locked": {
        "lastModified": 1786348930,
        "narHash": "sha256-bCQJkbgsAMDp5HQystZLCq11UHiyEuoWbxKulAPYrh8=",
        "owner": "Homebrew",
        "repo": "brew",
        "rev": "3ecc9eff23feebf1bc73846d74e14a122c93b66f",
        "type": "github"
      },
      "original": {
        "owner": "Homebrew",
        "ref": "6.0.16",
        "repo": "brew",
        "type": "github"
      }
    },
    "codex": {
      "inputs": {
        "flake-parts": "flake-parts",
        "nix-darwin": "nix-darwin",
        "nixpkgs": "nixpkgs",
        "treefmt-nix": "treefmt-nix"
      },
      "locked": {
        "lastModified": 1786658172,
        "narHash": "sha256-ag45aEIg6ASAOtNZS0+0SJBIty0tLID6tVb2UTzfiw4=",
        "owner": "herp-inc-hq",
        "repo": "codex",
        "rev": "811f4ad6c3da7e8aabe2c775364068cec4c47fb7",
        "type": "github"
      },
      "original": {
        "owner": "herp-inc-hq",
        "ref": "release-25.11",
        "repo": "codex",
        "type": "github"
      }
    },
    "cosense-skills": {
      "flake": false,
      "locked": {
        "lastModified": 1786945868,
        "narHash": "sha256-T/AtoQFxzlI5Icu0Dw2vtiEFlkEXUFEy9t99o0kfSvU=",
        "owner": "helpfeel",
        "repo": "cosense-cli",
        "rev": "b9c02334eb567308babc4df649a7b744c7432446",
        "type": "github"
      },
      "original": {
        "owner": "helpfeel",
        "repo": "cosense-cli",
        "type": "github"
      }
    },
    "crit": {
      "inputs": {
        "nixpkgs": [
          "nixpkgs"
        ]
      },
      "locked": {
        "lastModified": 1786963431,
        "narHash": "sha256-twDBtX7voe9Lf0TMeWdCReLevwLWBwUE4/eS9qZIcxI=",
        "owner": "tomasz-tomczyk",
        "repo": "crit",
        "rev": "4b6ad23876fe1f3dbae426fbaac085195b2c5855",
        "type": "github"
      },
      "original": {
        "owner": "tomasz-tomczyk",
        "repo": "crit",
        "type": "github"
      }
    },
    "flake-parts": {
      "inputs": {
        "nixpkgs-lib": [
          "codex",
          "nixpkgs"
        ]
      },
      "locked": {
        "lastModified": 1785627969,
        "narHash": "sha256-4dtXQk/NMePegK/nWp5NSeuZKLATItOq61lpEvmXqGw=",
        "owner": "hercules-ci",
        "repo": "flake-parts",
        "rev": "427bf4bd9435fdf21321c8cc628c24efc14c0f7a",
        "type": "github"
      },
      "original": {
        "owner": "hercules-ci",
        "repo": "flake-parts",
        "type": "github"
      }
    },
    "flake-utils": {
      "inputs": {
        "systems": "systems_2"
      },
      "locked": {
        "lastModified": 1731533236,
        "narHash": "sha256-l0KFg5HjrsfsO/JpG+r7fRrqm12kzFHyUHqHCVpMMbI=",
        "owner": "numtide",
        "repo": "flake-utils",
        "rev": "11707dc2f618dd54ca8739b309ec4fc024de578b",
        "type": "github"
      },
      "original": {
        "owner": "numtide",
        "repo": "flake-utils",
        "type": "github"
      }
    },
    "gh-stack-skills": {
      "flake": false,
      "locked": {
        "lastModified": 1785805944,
        "narHash": "sha256-SBP6z6G35wGY31RMhPpsZ1QDOhmVBlLv7ktLXIA3HwI=",
        "owner": "github",
        "repo": "gh-stack",
        "rev": "14fc42ed9b6c376a53b2f999f138d3bd26dac546",
        "type": "github"
      },
      "original": {
        "owner": "github",
        "repo": "gh-stack",
        "type": "github"
      }
    },
    "git-fixup": {
      "inputs": {
        "flake-utils": "flake-utils",
        "nixpkgs": [
          "nixpkgs"
        ]
      },
      "locked": {
        "lastModified": 1743215234,
        "narHash": "sha256-7uDmgTdlgEbbW0LPGrXroctd09vTp1bEHF0HjtqqRT8=",
        "owner": "mrsekut",
        "repo": "git-fixup",
        "rev": "64475709082ad743b00e301769932ef9e115b2a8",
        "type": "github"
      },
      "original": {
        "owner": "mrsekut",
        "repo": "git-fixup",
        "type": "github"
      }
    },
    "home-manager": {
      "inputs": {
        "nixpkgs": [
          "agent-skills",
          "nixpkgs"
        ]
      },
      "locked": {
        "lastModified": 1785531816,
        "narHash": "sha256-vkMnV0JIyw+g/NmcfoajlGaAO+9a0ezia+FZohQJrik=",
        "owner": "nix-community",
        "repo": "home-manager",
        "rev": "bf9ce9fec78f95f374e8dd3b503863a3ec128ebe",
        "type": "github"
      },
      "original": {
        "owner": "nix-community",
        "repo": "home-manager",
        "type": "github"
      }
    },
    "home-manager_2": {
      "inputs": {
        "nixpkgs": [
          "nixpkgs"
        ]
      },
      "locked": {
        "lastModified": 1786929086,
        "narHash": "sha256-kzpwMyT7i2fTQ41tf/WlsIHuJtf3e0leRBEPkBhUzBY=",
        "owner": "nix-community",
        "repo": "home-manager",
        "rev": "aac4965ddb7ea2ff0f3cadd9502c7042b7aa07ba",
        "type": "github"
      },
      "original": {
        "owner": "nix-community",
        "repo": "home-manager",
        "type": "github"
      }
    },
    "homebrew-bundle": {
      "flake": false,
      "locked": {
        "lastModified": 1745335228,
        "narHash": "sha256-TIKR2UgtyUmHLNZp255/vLs+1I10hXe+sciMEbAGFwE=",
        "owner": "homebrew",
        "repo": "homebrew-bundle",
        "rev": "a3265c84b232e13048ecbf6fc18a2eedfadbeb08",
        "type": "github"
      },
      "original": {
        "owner": "homebrew",
        "repo": "homebrew-bundle",
        "type": "github"
      }
    },
    "homebrew-cask": {
      "flake": false,
      "locked": {
        "lastModified": 1786966107,
        "narHash": "sha256-1r3wfWm88YRkZwgQxVovHhG+in2U4KX9dZ7NJ7YKO5w=",
        "owner": "homebrew",
        "repo": "homebrew-cask",
        "rev": "de7d9f227575af19169f4e3d788178e5a7214c49",
        "type": "github"
      },
      "original": {
        "owner": "homebrew",
        "repo": "homebrew-cask",
        "type": "github"
      }
    },
    "intellectronica-skills": {
      "flake": false,
      "locked": {
        "lastModified": 1777131109,
        "narHash": "sha256-5CPfJPdI1MWQFmTMpLNeXpcAZ3EejsDlpkH7i5Ycncs=",
        "owner": "intellectronica",
        "repo": "agent-skills",
        "rev": "9b0e00ad1b941165e2506545bbfddafa34cf2cb8",
        "type": "github"
      },
      "original": {
        "owner": "intellectronica",
        "repo": "agent-skills",
        "type": "github"
      }
    },
    "mrsekut-private-skills": {
      "flake": false,
      "locked": {
        "lastModified": 1775049742,
        "narHash": "sha256-lmCeRcmCjY9wIipWISPpyLNNMHxFzUPE4zZI0VBKMYk=",
        "ref": "refs/heads/main",
        "rev": "416d19b759e5985bd098ce12aebab342d0b193f4",
        "revCount": 16,
        "type": "git",
        "url": "ssh://git@github.com/mrsekut/agent-skills-private"
      },
      "original": {
        "type": "git",
        "url": "ssh://git@github.com/mrsekut/agent-skills-private"
      }
    },
    "mrsekut-skills": {
      "flake": false,
      "locked": {
        "lastModified": 1786965548,
        "narHash": "sha256-1pYK4oBZs2ZhAhleVupUM+MY1ukW5J1ZzJJUmtz47AM=",
        "owner": "mrsekut",
        "repo": "agent-skills",
        "rev": "bc4e85b3c69e205fb3d8d22c0a48b223354f7cbb",
        "type": "github"
      },
      "original": {
        "owner": "mrsekut",
        "repo": "agent-skills",
        "type": "github"
      }
    },
    "nix-claude-code": {
      "inputs": {
        "nixpkgs": "nixpkgs_2"
      },
      "locked": {
        "lastModified": 1786945508,
        "narHash": "sha256-QolBOlcWHUbFAc+S8oJysi1++ytfUwTcQMQoHreBPq8=",
        "owner": "ryoppippi",
        "repo": "nix-claude-code",
        "rev": "4bf00c53b58f6581fe3500e2264075c228354273",
        "type": "github"
      },
      "original": {
        "owner": "ryoppippi",
        "repo": "nix-claude-code",
        "type": "github"
      }
    },
    "nix-darwin": {
      "inputs": {
        "nixpkgs": [
          "codex",
          "nixpkgs"
        ]
      },
      "locked": {
        "lastModified": 1772129556,
        "narHash": "sha256-Utk0zd8STPsUJPyjabhzPc5BpPodLTXrwkpXBHYnpeg=",
        "owner": "nix-darwin",
        "repo": "nix-darwin",
        "rev": "ebec37af18215214173c98cf6356d0aca24a2585",
        "type": "github"
      },
      "original": {
        "owner": "nix-darwin",
        "ref": "nix-darwin-25.11",
        "repo": "nix-darwin",
        "type": "github"
      }
    },
    "nix-darwin_2": {
      "inputs": {
        "nixpkgs": [
          "nixpkgs"
        ]
      },
      "locked": {
        "lastModified": 1786845137,
        "narHash": "sha256-oQFip+v0luP8NIxJzmiW4Wu8bILsbFWom5l0zonl8hQ=",
        "owner": "LnL7",
        "repo": "nix-darwin",
        "rev": "4cff07de74b50e64bdd68cd4e722ab5b6b35ee48",
        "type": "github"
      },
      "original": {
        "owner": "LnL7",
        "repo": "nix-darwin",
        "type": "github"
      }
    },
    "nix-homebrew": {
      "inputs": {
        "brew-src": "brew-src"
      },
      "locked": {
        "lastModified": 1786686423,
        "narHash": "sha256-8q3WdB8o3VUI7rOz1OXfioXIaaWbFTAxRJAkWLlfc0s=",
        "owner": "zhaofengli-wip",
        "repo": "nix-homebrew",
        "rev": "ccabf79a6b9845eb72b51ea1d9c7ce3446350df3",
        "type": "github"
      },
      "original": {
        "owner": "zhaofengli-wip",
        "repo": "nix-homebrew",
        "type": "github"
      }
    },
    "nix-index-database": {
      "inputs": {
        "nixpkgs": [
          "nixpkgs"
        ]
      },
      "locked": {
        "lastModified": 1786852476,
        "narHash": "sha256-IM5CYtf86W4w8eUPpKcY/LpdHElmVBtJhaKnoTKxZEA=",
        "owner": "Mic92",
        "repo": "nix-index-database",
        "rev": "c7962dc97b45129df8d751bedaf37beb5a17706e",
        "type": "github"
      },
      "original": {
        "owner": "Mic92",
        "repo": "nix-index-database",
        "type": "github"
      }
    },
    "nixpkgs": {
      "locked": {
        "lastModified": 1782847189,
        "narHash": "sha256-twXPFqFsrrY5r28Zh7Homgcp2gUMBgQ6WDS98Q/3xFI=",
        "owner": "NixOS",
        "repo": "nixpkgs",
        "rev": "b6018f87da91d19d0ab4cf979885689b469cdd41",
        "type": "github"
      },
      "original": {
        "owner": "NixOS",
        "ref": "nixos-25.11",
        "repo": "nixpkgs",
        "type": "github"
      }
    },
    "nixpkgs_2": {
      "locked": {
        "lastModified": 1786862985,
        "narHash": "sha256-FBJRXmbGXiSUDvYEbfLYRkckayyZ6SK1UEqhCrIZ2Cs=",
        "owner": "NixOS",
        "repo": "nixpkgs",
        "rev": "e5bdc4a41d4c072fe1e3787eaa0320a384741d44",
        "type": "github"
      },
      "original": {
        "owner": "NixOS",
        "ref": "nixos-unstable",
        "repo": "nixpkgs",
        "type": "github"
      }
    },
    "nixpkgs_3": {
      "locked": {
        "lastModified": 1786862985,
        "narHash": "sha256-FBJRXmbGXiSUDvYEbfLYRkckayyZ6SK1UEqhCrIZ2Cs=",
        "owner": "nixos",
        "repo": "nixpkgs",
        "rev": "e5bdc4a41d4c072fe1e3787eaa0320a384741d44",
        "type": "github"
      },
      "original": {
        "owner": "nixos",
        "ref": "nixos-unstable",
        "repo": "nixpkgs",
        "type": "github"
      }
    },
    "openai-skills": {
      "flake": false,
      "locked": {
        "lastModified": 1782268572,
        "narHash": "sha256-t4oGnFg0YpxJaQiFpgTiwYhaFoZK6wPDiqvHoG0bXiU=",
        "owner": "openai",
        "repo": "skills",
        "rev": "49f948faa9258a0c61caceaf225e179651397431",
        "type": "github"
      },
      "original": {
        "owner": "openai",
        "repo": "skills",
        "type": "github"
      }
    },
    "playwriter-skills": {
      "flake": false,
      "locked": {
        "lastModified": 1786908333,
        "narHash": "sha256-c+hAr/xniWdzcIG+xrxRVXVM7Ea9trdtti7yIpxUXt4=",
        "owner": "remorses",
        "repo": "playwriter",
        "rev": "dfc593ec0aa0df6052dbea2bb08c77188f18990c",
        "type": "github"
      },
      "original": {
        "owner": "remorses",
        "repo": "playwriter",
        "type": "github"
      }
    },
    "root": {
      "inputs": {
        "agent-skills": "agent-skills",
        "anthropic-skills": "anthropic-skills",
        "codex": "codex",
        "cosense-skills": "cosense-skills",
        "crit": "crit",
        "gh-stack-skills": "gh-stack-skills",
        "git-fixup": "git-fixup",
        "home-manager": "home-manager_2",
        "homebrew-bundle": "homebrew-bundle",
        "homebrew-cask": "homebrew-cask",
        "intellectronica-skills": "intellectronica-skills",
        "mrsekut-private-skills": "mrsekut-private-skills",
        "mrsekut-skills": "mrsekut-skills",
        "nix-claude-code": "nix-claude-code",
        "nix-darwin": "nix-darwin_2",
        "nix-homebrew": "nix-homebrew",
        "nix-index-database": "nix-index-database",
        "nixpkgs": "nixpkgs_3",
        "openai-skills": "openai-skills",
        "playwriter-skills": "playwriter-skills",
        "satococoa-tap": "satococoa-tap",
        "stablyai-orca-tap": "stablyai-orca-tap"
      }
    },
    "satococoa-tap": {
      "flake": false,
      "locked": {
        "lastModified": 1775744013,
        "narHash": "sha256-Lds96uPJZKl0zcTAIiyHU8F0BLO3jLezmtzKh4lzTWg=",
        "owner": "satococoa",
        "repo": "homebrew-tap",
        "rev": "581d3c3394e045d97c84e3145dc9a77f8370e88e",
        "type": "github"
      },
      "original": {
        "owner": "satococoa",
        "repo": "homebrew-tap",
        "type": "github"
      }
    },
    "stablyai-orca-tap": {
      "flake": false,
      "locked": {
        "lastModified": 1786849541,
        "narHash": "sha256-q4xVaEiLKnFUQVIZXisnrjEnCVdYGuCfe+LevS87qn4=",
        "owner": "stablyai",
        "repo": "homebrew-orca",
        "rev": "f932a4d60660026512133c6383d2123b48bfe912",
        "type": "github"
      },
      "original": {
        "owner": "stablyai",
        "repo": "homebrew-orca",
        "type": "github"
      }
    },
    "systems": {
      "locked": {
        "lastModified": 1681028828,
        "narHash": "sha256-Vy1rq5AaRuLzOxct8nz4T6wlgyUR7zLU309k9mBC768=",
        "owner": "nix-systems",
        "repo": "default",
        "rev": "da67096a3b9bf56a91d16901293e51ba5b49a27e",
        "type": "github"
      },
      "original": {
        "owner": "nix-systems",
        "repo": "default",
        "type": "github"
      }
    },
    "systems_2": {
      "locked": {
        "lastModified": 1681028828,
        "narHash": "sha256-Vy1rq5AaRuLzOxct8nz4T6wlgyUR7zLU309k9mBC768=",
        "owner": "nix-systems",
        "repo": "default",
        "rev": "da67096a3b9bf56a91d16901293e51ba5b49a27e",
        "type": "github"
      },
      "original": {
        "owner": "nix-systems",
        "repo": "default",
        "type": "github"
      }
    },
    "treefmt-nix": {
      "inputs": {
        "nixpkgs": [
          "codex",
          "nixpkgs"
        ]
      },
      "locked": {
        "lastModified": 1785945821,
        "narHash": "sha256-NLSyTCW4K4ofhNBllt3omPasm6QpralXH1DBZOc91Dw=",
        "owner": "numtide",
        "repo": "treefmt-nix",
        "rev": "ae7910970dddc408fe6ab1c8e4b277bb21d72dc0",
        "type": "github"
      },
      "original": {
        "owner": "numtide",
        "repo": "treefmt-nix",
        "type": "github"
      }
    }
  },
  "root": "root",
  "version": 7
}
