{
  "nodes": {
    "anthropic-skills": {
      "flake": false,
      "locked": {
        "lastModified": 1770412772,
        "narHash": "sha256-9FGubcwHcGBJcKl02aJ+YsTMiwDOdgU/FHALjARG51c=",
        "owner": "anthropics",
        "repo": "skills",
        "rev": "1ed29a03dc852d30fa6ef2ca53a67dc2c2c2c563",
        "type": "github"
      },
      "original": {
        "owner": "anthropics",
        "repo": "skills",
        "type": "github"
      }
    },
    "intellectronica-skills": {
      "flake": false,
      "locked": {
        "lastModified": 1770201278,
        "narHash": "sha256-QC0jxIZpuKSlSjurl8A3vzh77ZFTCwoL+3HonRXIavQ=",
        "owner": "intellectronica",
        "repo": "agent-skills",
        "rev": "326f2466f4b752abb8f31f5b70d3b98dfeebbac0",
        "type": "github"
      },
      "original": {
        "owner": "intellectronica",
        "repo": "agent-skills",
        "type": "github"
      }
    },
    "root": {
      "inputs": {
        "anthropic-skills": "anthropic-skills",
        "intellectronica-skills": "intellectronica-skills",
        "sdd-skills": "sdd-skills"
      }
    },
    "sdd-skills": {
      "flake": false,
      "locked": {
        "lastModified": 1770987846,
        "narHash": "sha256-AYO92l77QjuEv/lbR55s5iSnrGA3xiWXmBHOB9H4IS8=",
        "owner": "mrsekut",
        "repo": "sdd-skills",
        "rev": "b4db2e7964958270b009f3a193e25e4ca6e17231",
        "type": "github"
      },
      "original": {
        "owner": "mrsekut",
        "repo": "sdd-skills",
        "type": "github"
      }
    }
  },
  "root": "root",
  "version": 7
}
