{
  "nodes": {
    "anthropic-skills": {
      "flake": false,
      "locked": {
        "lastModified": 1770412772,
        "narHash": "sha256-9FGubcwHcGBJcKl02aJ+YsTMiwDOdgU/FHALjARG51c=",
        "owner": "anthropics",
        "repo": "skills",
        "rev": "1ed29a03dc852d30fa6ef2ca53a67dc2c2c2c563",
        "type": "github"
      },
      "original": {
        "owner": "anthropics",
        "repo": "skills",
        "type": "github"
      }
    },
    "intellectronica-skills": {
      "flake": false,
      "locked": {
        "lastModified": 1771067294,
        "narHash": "sha256-tpTZaoW4wSDh7IL3PTjceApPdUtRCUXo9EVP/vQh4DE=",
        "owner": "intellectronica",
        "repo": "agent-skills",
        "rev": "6c81c34e75e75be10951e7abe7dd285e97e145b9",
        "type": "github"
      },
      "original": {
        "owner": "intellectronica",
        "repo": "agent-skills",
        "type": "github"
      }
    },
    "mrsekut-skills": {
      "flake": false,
      "locked": {
        "lastModified": 1771892214,
        "narHash": "sha256-O8JEX3bcV0Xkww4cKftFMVrXQwDyPCcGI88vTlvFKhc=",
        "owner": "mrsekut",
        "repo": "agent-skills",
        "rev": "8d97a4af02b16130b016e959c40f935b4d8b6817",
        "type": "github"
      },
      "original": {
        "owner": "mrsekut",
        "repo": "agent-skills",
        "type": "github"
      }
    },
    "root": {
      "inputs": {
        "anthropic-skills": "anthropic-skills",
        "intellectronica-skills": "intellectronica-skills",
        "mrsekut-skills": "mrsekut-skills",
        "sdd-skills": "sdd-skills"
      }
    },
    "sdd-skills": {
      "flake": false,
      "locked": {
        "lastModified": 1771128287,
        "narHash": "sha256-iXmJndcse6lKz05WOwFw04yQypUJia8w4a6XLvNAqP0=",
        "owner": "mrsekut",
        "repo": "sdd-skills",
        "rev": "f60344e7129869b77b7bd07376961c274e5dadd0",
        "type": "github"
      },
      "original": {
        "owner": "mrsekut",
        "repo": "sdd-skills",
        "type": "github"
      }
    }
  },
  "root": "root",
  "version": 7
}
